// !$*UTF8*$!
{
	archiveVersion = 1;
	classes = {
	};
	objectVersion = 50;
	objects = {

/* Begin PBXFileReference section */
		FA47D77422C164FB00F7EA4B /* .DS_Store */ = {isa = PBXFileReference; lastKnownFileType = file; path = .DS_Store; sourceTree = "<group>"; };
		FA47D77522C164FB00F7EA4B /* Makefile */ = {isa = PBXFileReference; lastKnownFileType = sourcecode.make; path = Makefile; sourceTree = "<group>"; };
		FA47D77622C164FB00F7EA4B /* megaphone.o */ = {isa = PBXFileReference; lastKnownFileType = "compiled.mach-o.objfile"; path = megaphone.o; sourceTree = "<group>"; };
		FA47D77722C164FB00F7EA4B /* a.out */ = {isa = PBXFileReference; lastKnownFileType = "compiled.mach-o.executable"; path = a.out; sourceTree = "<group>"; };
		FA47D77822C164FB00F7EA4B /* megaphone.cpp */ = {isa = PBXFileReference; lastKnownFileType = sourcecode.cpp.cpp; path = megaphone.cpp; sourceTree = "<group>"; };
/* End PBXFileReference section */

/* Begin PBXGroup section */
		FA47D76E22C164FB00F7EA4B = {
			isa = PBXGroup;
			children = (
				FA47D77422C164FB00F7EA4B /* .DS_Store */,
				FA47D77522C164FB00F7EA4B /* Makefile */,
				FA47D77622C164FB00F7EA4B /* megaphone.o */,
				FA47D77722C164FB00F7EA4B /* a.out */,
				FA47D77822C164FB00F7EA4B /* megaphone.cpp */,
			);
			sourceTree = "<group>";
		};
/* End PBXGroup section */

/* Begin PBXLegacyTarget section */
		FA47D77322C164FB00F7EA4B /* ex00 */ = {
			isa = PBXLegacyTarget;
			buildArgumentsString = "$(ACTION)";
			buildConfigurationList = FA47D77922C164FB00F7EA4B /* Build configuration list for PBXLegacyTarget "ex00" */;
			buildPhases = (
			);
			buildToolPath = /usr/bin/make;
			buildWorkingDirectory = /Users/macbook/cpp_piscine_gdanylov/ex00;
			dependencies = (
			);
			name = ex00;
			passBuildSettingsInEnvironment = 1;
			productName = ex00;
		};
/* End PBXLegacyTarget section */

/* Begin PBXProject section */
		FA47D76F22C164FB00F7EA4B /* Project object */ = {
			isa = PBXProject;
			attributes = {
			};
			buildConfigurationList = FA47D77222C164FB00F7EA4B /* Build configuration list for PBXProject "ex00" */;
			compatibilityVersion = "Xcode 9.3";
			developmentRegion = en;
			hasScannedForEncodings = 0;
			knownRegions = (
				en,
			);
			mainGroup = FA47D76E22C164FB00F7EA4B;
			projectDirPath = "";
			projectRoot = "";
			targets = (
				FA47D77322C164FB00F7EA4B /* ex00 */,
			);
		};
/* End PBXProject section */

/* Begin XCBuildConfiguration section */
		FA47D77022C164FB00F7EA4B /* Debug */ = {
			isa = XCBuildConfiguration;
			buildSettings = {
				ARCHS = "$(ARCHS_STANDARD_32_BIT)";
				COPY_PHASE_STRIP = NO;
				GCC_WARN_ABOUT_RETURN_TYPE = YES;
				GCC_WARN_UNUSED_VARIABLE = YES;
				ONLY_ACTIVE_ARCH = YES;
				SDKROOT = macosx10.6;
			};
			name = Debug;
		};
		FA47D77122C164FB00F7EA4B /* Release */ = {
			isa = XCBuildConfiguration;
			buildSettings = {
				ARCHS = "$(ARCHS_STANDARD_32_BIT)";
				COPY_PHASE_STRIP = YES;
				GCC_WARN_ABOUT_RETURN_TYPE = YES;
				GCC_WARN_UNUSED_VARIABLE = YES;
				SDKROOT = macosx10.6;
			};
			name = Release;
		};
		FA47D77A22C164FB00F7EA4B /* Debug */ = {
			isa = XCBuildConfiguration;
			buildSettings = {
				COPY_PHASE_STRIP = NO;
				DEBUGGING_SYMBOLS = YES;
				GCC_DYNAMIC_NO_PIC = NO;
				GCC_ENABLE_FIX_AND_CONTINUE = YES;
				GCC_GENERATE_DEBUGGING_SYMBOLS = YES;
				GCC_OPTIMIZATION_LEVEL = 0;
				OTHER_CFLAGS = "";
				OTHER_LDFLAGS = "";
				PRODUCT_NAME = ex00;
			};
			name = Debug;
		};
		FA47D77B22C164FB00F7EA4B /* Release */ = {
			isa = XCBuildConfiguration;
			buildSettings = {
				COPY_PHASE_STRIP = YES;
				DEBUG_INFORMATION_FORMAT = "dwarf-with-dsym";
				GCC_ENABLE_FIX_AND_CONTINUE = NO;
				OTHER_CFLAGS = "";
				OTHER_LDFLAGS = "";
				PRODUCT_NAME = ex00;
			};
			name = Release;
		};
/* End XCBuildConfiguration section */

/* Begin XCConfigurationList section */
		FA47D77222C164FB00F7EA4B /* Build configuration list for PBXProject "ex00" */ = {
			isa = XCConfigurationList;
			buildConfigurations = (
				FA47D77022C164FB00F7EA4B /* Debug */,
				FA47D77122C164FB00F7EA4B /* Release */,
			);
			defaultConfigurationIsVisible = 0;
			defaultConfigurationName = Release;
		};
		FA47D77922C164FB00F7EA4B /* Build configuration list for PBXLegacyTarget "ex00" */ = {
			isa = XCConfigurationList;
			buildConfigurations = (
				FA47D77A22C164FB00F7EA4B /* Debug */,
				FA47D77B22C164FB00F7EA4B /* Release */,
			);
			defaultConfigurationIsVisible = 0;
			defaultConfigurationName = Release;
		};
/* End XCConfigurationList section */
	};
	rootObject = FA47D76F22C164FB00F7EA4B /* Project object */;
}
